
Microsoft Visual Studio Solution File, Format Version 12.00
# Visual Studio Version 17
VisualStudioVersion = 17.14.36203.30 d17.14
MinimumVisualStudioVersion = 10.0.40219.1
Project("{FAE04EC0-301F-11D3-BF4B-00C04F79EFBC}") = "Vogelhochzeit", "Vogelhochzeit\Vogelhochzeit.csproj", "{9EDD3B6B-E4A9-4799-2BBC-55C62F0E86B6}"
EndProject
Global
	GlobalSection(SolutionConfigurationPlatforms) = preSolution
		Debug|Any CPU = Debug|Any CPU
		Release|Any CPU = Release|Any CPU
	EndGlobalSection
	GlobalSection(ProjectConfigurationPlatforms) = postSolution
		{9EDD3B6B-E4A9-4799-2BBC-55C62F0E86B6}.Debug|Any CPU.ActiveCfg = Debug|Any CPU
		{9EDD3B6B-E4A9-4799-2BBC-55C62F0E86B6}.Debug|Any CPU.Build.0 = Debug|Any CPU
		{9EDD3B6B-E4A9-4799-2BBC-55C62F0E86B6}.Release|Any CPU.ActiveCfg = Release|Any CPU
		{9EDD3B6B-E4A9-4799-2BBC-55C62F0E86B6}.Release|Any CPU.Build.0 = Release|Any CPU
	EndGlobalSection
	GlobalSection(SolutionProperties) = preSolution
		HideSolutionNode = FALSE
	EndGlobalSection
	GlobalSection(ExtensibilityGlobals) = postSolution
		SolutionGuid = {073A34BC-D96F-406D-AC7A-AA9826A23BB9}
	EndGlobalSection
EndGlobal
